{
    "_meta": {
        "hash": {
            "sha256": "1883864c95107fe55148dfc82d89574d801987b3c6419d763f8af302b6888480"
        },
        "pipfile-spec": 6,
        "requires": {
            "python_version": "*"
        },
        "sources": [
            {
                "name": "pypi",
                "url": "https://pypi.tuna.tsinghua.edu.cn/simple/",
                "verify_ssl": true
            }
        ]
    },
    "default": {
        "beautifulsoup4": {
            "hashes": [
                "sha256:4c98143716ef1cb40bf7f39a8e3eec8f8b009509e74904ba3a7b315431577e35",
                "sha256:84729e322ad1d5b4d25f805bfa05b902dd96450f43842c4e99067d5e1369eb25",
                "sha256:fff47e031e34ec82bf17e00da8f592fe7de69aeea38be00523c04623c04fb666"
            ],
            "index": "pypi",
            "version": "==4.9.3"
        },
        "certifi": {
            "hashes": [
                "sha256:1a4995114262bffbc2413b159f2a1a480c969de6e6eb13ee966d470af86af59c",
                "sha256:719a74fb9e33b9bd44cc7f3a8d94bc35e4049deebe19ba7d8e108280cfd59830"
            ],
            "version": "==2020.12.5"
        },
        "chardet": {
            "hashes": [
                "sha256:0d6f53a15db4120f2b08c94f11e7d93d2c911ee118b6b30a04ec3ee8310179fa",
                "sha256:f864054d66fd9118f2e67044ac8981a54775ec5b67aed0441892edb553d21da5"
            ],
            "markers": "python_version >= '2.7' and python_version not in '3.0, 3.1, 3.2, 3.3, 3.4'",
            "version": "==4.0.0"
        },
        "click": {
            "hashes": [
                "sha256:d2b5255c7c6349bc1bd1e59e08cd12acbbd63ce649f2588755783aa94dfb6b1a",
                "sha256:dacca89f4bfadd5de3d7489b7c8a566eee0d3676333fbb50030263894c38c0dc"
            ],
            "markers": "python_version >= '2.7' and python_version not in '3.0, 3.1, 3.2, 3.3, 3.4'",
            "version": "==7.1.2"
        },
        "cycler": {
            "hashes": [
                "sha256:1d8a5ae1ff6c5cf9b93e8811e581232ad8920aeec647c37316ceac982b08cb2d",
                "sha256:cd7b2d1018258d7247a71425e9f26463dfb444d411c39569972f4ce586b0c9d8"
            ],
            "version": "==0.10.0"
        },
        "flask": {
            "hashes": [
                "sha256:4efa1ae2d7c9865af48986de8aeb8504bf32c7f3d6fdc9353d34b21f4b127060",
                "sha256:8a4fdd8936eba2512e9c85df320a37e694c93945b33ef33c89946a340a238557"
            ],
            "index": "pypi",
            "version": "==1.1.2"
        },
        "idna": {
            "hashes": [
                "sha256:b307872f855b18632ce0c21c5e45be78c0ea7ae4c15c828c20788b26921eb3f6",
                "sha256:b97d804b1e9b523befed77c48dacec60e6dcb0b5391d57af6a65a312a90648c0"
            ],
            "markers": "python_version >= '2.7' and python_version not in '3.0, 3.1, 3.2, 3.3'",
            "version": "==2.10"
        },
        "itsdangerous": {
            "hashes": [
                "sha256:321b033d07f2a4136d3ec762eac9f16a10ccd60f53c0c91af90217ace7ba1f19",
                "sha256:b12271b2047cb23eeb98c8b5622e2e5c5e9abd9784a153e9d8ef9cb4dd09d749"
            ],
            "markers": "python_version >= '2.7' and python_version not in '3.0, 3.1, 3.2, 3.3'",
            "version": "==1.1.0"
        },
        "jinja2": {
            "hashes": [
                "sha256:03e47ad063331dd6a3f04a43eddca8a966a26ba0c5b7207a9a9e4e08f1b29419",
                "sha256:a6d58433de0ae800347cab1fa3043cebbabe8baa9d29e668f1c768cb87a333c6"
            ],
            "markers": "python_version >= '2.7' and python_version not in '3.0, 3.1, 3.2, 3.3, 3.4'",
            "version": "==2.11.3"
        },
        "kiwisolver": {
            "hashes": [
                "sha256:0cd53f403202159b44528498de18f9285b04482bab2a6fc3f5dd8dbb9352e30d",
                "sha256:1e1bc12fb773a7b2ffdeb8380609f4f8064777877b2225dec3da711b421fda31",
                "sha256:225e2e18f271e0ed8157d7f4518ffbf99b9450fca398d561eb5c4a87d0986dd9",
                "sha256:232c9e11fd7ac3a470d65cd67e4359eee155ec57e822e5220322d7b2ac84fbf0",
                "sha256:31dfd2ac56edc0ff9ac295193eeaea1c0c923c0355bf948fbd99ed6018010b72",
                "sha256:33449715e0101e4d34f64990352bce4095c8bf13bed1b390773fc0a7295967b3",
                "sha256:401a2e9afa8588589775fe34fc22d918ae839aaaf0c0e96441c0fdbce6d8ebe6",
                "sha256:44a62e24d9b01ba94ae7a4a6c3fb215dc4af1dde817e7498d901e229aaf50e4e",
                "sha256:50af681a36b2a1dee1d3c169ade9fdc59207d3c31e522519181e12f1b3ba7000",
                "sha256:563c649cfdef27d081c84e72a03b48ea9408c16657500c312575ae9d9f7bc1c3",
                "sha256:5989db3b3b34b76c09253deeaf7fbc2707616f130e166996606c284395da3f18",
                "sha256:5a7a7dbff17e66fac9142ae2ecafb719393aaee6a3768c9de2fd425c63b53e21",
                "sha256:5c3e6455341008a054cccee8c5d24481bcfe1acdbc9add30aa95798e95c65621",
                "sha256:5f6ccd3dd0b9739edcf407514016108e2280769c73a85b9e59aa390046dbf08b",
                "sha256:72c99e39d005b793fb7d3d4e660aed6b6281b502e8c1eaf8ee8346023c8e03bc",
                "sha256:78751b33595f7f9511952e7e60ce858c6d64db2e062afb325985ddbd34b5c131",
                "sha256:834ee27348c4aefc20b479335fd422a2c69db55f7d9ab61721ac8cd83eb78882",
                "sha256:8be8d84b7d4f2ba4ffff3665bcd0211318aa632395a1a41553250484a871d454",
                "sha256:950a199911a8d94683a6b10321f9345d5a3a8433ec58b217ace979e18f16e248",
                "sha256:a357fd4f15ee49b4a98b44ec23a34a95f1e00292a139d6015c11f55774ef10de",
                "sha256:a53d27d0c2a0ebd07e395e56a1fbdf75ffedc4a05943daf472af163413ce9598",
                "sha256:acef3d59d47dd85ecf909c359d0fd2c81ed33bdff70216d3956b463e12c38a54",
                "sha256:b38694dcdac990a743aa654037ff1188c7a9801ac3ccc548d3341014bc5ca278",
                "sha256:b9edd0110a77fc321ab090aaa1cfcaba1d8499850a12848b81be2222eab648f6",
                "sha256:c08e95114951dc2090c4a630c2385bef681cacf12636fb0241accdc6b303fd81",
                "sha256:c5518d51a0735b1e6cee1fdce66359f8d2b59c3ca85dc2b0813a8aa86818a030",
                "sha256:c8fd0f1ae9d92b42854b2979024d7597685ce4ada367172ed7c09edf2cef9cb8",
                "sha256:ca3820eb7f7faf7f0aa88de0e54681bddcb46e485beb844fcecbcd1c8bd01689",
                "sha256:cf8b574c7b9aa060c62116d4181f3a1a4e821b2ec5cbfe3775809474113748d4",
                "sha256:d3155d828dec1d43283bd24d3d3e0d9c7c350cdfcc0bd06c0ad1209c1bbc36d0",
                "sha256:f8d6f8db88049a699817fd9178782867bf22283e3813064302ac59f61d95be05",
                "sha256:fd34fbbfbc40628200730bc1febe30631347103fc8d3d4fa012c21ab9c11eca9"
            ],
            "markers": "python_version >= '3.6'",
            "version": "==1.3.1"
        },
        "markupsafe": {
            "hashes": [
                "sha256:00bc623926325b26bb9605ae9eae8a215691f33cae5df11ca5424f06f2d1f473",
                "sha256:09027a7803a62ca78792ad89403b1b7a73a01c8cb65909cd876f7fcebd79b161",
                "sha256:09c4b7f37d6c648cb13f9230d847adf22f8171b1ccc4d5682398e77f40309235",
                "sha256:1027c282dad077d0bae18be6794e6b6b8c91d58ed8a8d89a89d59693b9131db5",
                "sha256:13d3144e1e340870b25e7b10b98d779608c02016d5184cfb9927a9f10c689f42",
                "sha256:195d7d2c4fbb0ee8139a6cf67194f3973a6b3042d742ebe0a9ed36d8b6f0c07f",
                "sha256:22c178a091fc6630d0d045bdb5992d2dfe14e3259760e713c490da5323866c39",
                "sha256:24982cc2533820871eba85ba648cd53d8623687ff11cbb805be4ff7b4c971aff",
                "sha256:29872e92839765e546828bb7754a68c418d927cd064fd4708fab9fe9c8bb116b",
                "sha256:2beec1e0de6924ea551859edb9e7679da6e4870d32cb766240ce17e0a0ba2014",
                "sha256:3b8a6499709d29c2e2399569d96719a1b21dcd94410a586a18526b143ec8470f",
                "sha256:43a55c2930bbc139570ac2452adf3d70cdbb3cfe5912c71cdce1c2c6bbd9c5d1",
                "sha256:46c99d2de99945ec5cb54f23c8cd5689f6d7177305ebff350a58ce5f8de1669e",
                "sha256:500d4957e52ddc3351cabf489e79c91c17f6e0899158447047588650b5e69183",
                "sha256:535f6fc4d397c1563d08b88e485c3496cf5784e927af890fb3c3aac7f933ec66",
                "sha256:596510de112c685489095da617b5bcbbac7dd6384aeebeda4df6025d0256a81b",
                "sha256:62fe6c95e3ec8a7fad637b7f3d372c15ec1caa01ab47926cfdf7a75b40e0eac1",
                "sha256:6788b695d50a51edb699cb55e35487e430fa21f1ed838122d722e0ff0ac5ba15",
                "sha256:6dd73240d2af64df90aa7c4e7481e23825ea70af4b4922f8ede5b9e35f78a3b1",
                "sha256:6f1e273a344928347c1290119b493a1f0303c52f5a5eae5f16d74f48c15d4a85",
                "sha256:6fffc775d90dcc9aed1b89219549b329a9250d918fd0b8fa8d93d154918422e1",
                "sha256:717ba8fe3ae9cc0006d7c451f0bb265ee07739daf76355d06366154ee68d221e",
                "sha256:79855e1c5b8da654cf486b830bd42c06e8780cea587384cf6545b7d9ac013a0b",
                "sha256:7c1699dfe0cf8ff607dbdcc1e9b9af1755371f92a68f706051cc8c37d447c905",
                "sha256:7fed13866cf14bba33e7176717346713881f56d9d2bcebab207f7a036f41b850",
                "sha256:84dee80c15f1b560d55bcfe6d47b27d070b4681c699c572af2e3c7cc90a3b8e0",
                "sha256:88e5fcfb52ee7b911e8bb6d6aa2fd21fbecc674eadd44118a9cc3863f938e735",
                "sha256:8defac2f2ccd6805ebf65f5eeb132adcf2ab57aa11fdf4c0dd5169a004710e7d",
                "sha256:98bae9582248d6cf62321dcb52aaf5d9adf0bad3b40582925ef7c7f0ed85fceb",
                "sha256:98c7086708b163d425c67c7a91bad6e466bb99d797aa64f965e9d25c12111a5e",
                "sha256:9add70b36c5666a2ed02b43b335fe19002ee5235efd4b8a89bfcf9005bebac0d",
                "sha256:9bf40443012702a1d2070043cb6291650a0841ece432556f784f004937f0f32c",
                "sha256:a6a744282b7718a2a62d2ed9d993cad6f5f585605ad352c11de459f4108df0a1",
                "sha256:acf08ac40292838b3cbbb06cfe9b2cb9ec78fce8baca31ddb87aaac2e2dc3bc2",
                "sha256:ade5e387d2ad0d7ebf59146cc00c8044acbd863725f887353a10df825fc8ae21",
                "sha256:b00c1de48212e4cc9603895652c5c410df699856a2853135b3967591e4beebc2",
                "sha256:b1282f8c00509d99fef04d8ba936b156d419be841854fe901d8ae224c59f0be5",
                "sha256:b1dba4527182c95a0db8b6060cc98ac49b9e2f5e64320e2b56e47cb2831978c7",
                "sha256:b2051432115498d3562c084a49bba65d97cf251f5a331c64a12ee7e04dacc51b",
                "sha256:b7d644ddb4dbd407d31ffb699f1d140bc35478da613b441c582aeb7c43838dd8",
                "sha256:ba59edeaa2fc6114428f1637ffff42da1e311e29382d81b339c1817d37ec93c6",
                "sha256:bf5aa3cbcfdf57fa2ee9cd1822c862ef23037f5c832ad09cfea57fa846dec193",
                "sha256:c8716a48d94b06bb3b2524c2b77e055fb313aeb4ea620c8dd03a105574ba704f",
                "sha256:caabedc8323f1e93231b52fc32bdcde6db817623d33e100708d9a68e1f53b26b",
                "sha256:cd5df75523866410809ca100dc9681e301e3c27567cf498077e8551b6d20e42f",
                "sha256:cdb132fc825c38e1aeec2c8aa9338310d29d337bebbd7baa06889d09a60a1fa2",
                "sha256:d53bc011414228441014aa71dbec320c66468c1030aae3a6e29778a3382d96e5",
                "sha256:d73a845f227b0bfe8a7455ee623525ee656a9e2e749e4742706d80a6065d5e2c",
                "sha256:d9be0ba6c527163cbed5e0857c451fcd092ce83947944d6c14bc95441203f032",
                "sha256:e249096428b3ae81b08327a63a485ad0878de3fb939049038579ac0ef61e17e7",
                "sha256:e8313f01ba26fbbe36c7be1966a7b7424942f670f38e666995b88d012765b9be",
                "sha256:feb7b34d6325451ef96bc0e36e1a6c0c1c64bc1fbec4b854f4529e51887b1621"
            ],
            "markers": "python_version >= '2.7' and python_version not in '3.0, 3.1, 3.2, 3.3'",
            "version": "==1.1.1"
        },
        "matplotlib": {
            "hashes": [
                "sha256:1de0bb6cbfe460725f0e97b88daa8643bcf9571c18ba90bb8e41432aaeca91d6",
                "sha256:1e850163579a8936eede29fad41e202b25923a0a8d5ffd08ce50fc0a97dcdc93",
                "sha256:215e2a30a2090221a9481db58b770ce56b8ef46f13224ae33afe221b14b24dc1",
                "sha256:348e6032f666ffd151b323342f9278b16b95d4a75dfacae84a11d2829a7816ae",
                "sha256:3d2eb9c1cc254d0ffa90bc96fde4b6005d09c2228f99dfd493a4219c1af99644",
                "sha256:3e477db76c22929e4c6876c44f88d790aacdf3c3f8f3a90cb1975c0bf37825b0",
                "sha256:451cc89cb33d6652c509fc6b588dc51c41d7246afdcc29b8624e256b7663ed1f",
                "sha256:46b1a60a04e6d884f0250d5cc8dc7bd21a9a96c584a7acdaab44698a44710bab",
                "sha256:5f571b92a536206f7958f7cb2d367ff6c9a1fa8229dc35020006e4cdd1ca0acd",
                "sha256:672960dd114e342b7c610bf32fb99d14227f29919894388b41553217457ba7ef",
                "sha256:7310e353a4a35477c7f032409966920197d7df3e757c7624fd842f3eeb307d3d",
                "sha256:746a1df55749629e26af7f977ea426817ca9370ad1569436608dc48d1069b87c",
                "sha256:7c155437ae4fd366e2700e2716564d1787700687443de46bcb895fe0f84b761d",
                "sha256:9265ae0fb35e29f9b8cc86c2ab0a2e3dcddc4dd9de4b85bf26c0f63fe5c1c2ca",
                "sha256:94bdd1d55c20e764d8aea9d471d2ae7a7b2c84445e0fa463f02e20f9730783e1",
                "sha256:9a79e5dd7bb797aa611048f5b70588b23c5be05b63eefd8a0d152ac77c4243db",
                "sha256:a17f0a10604fac7627ec82820439e7db611722e80c408a726cd00d8c974c2fb3",
                "sha256:a1acb72f095f1d58ecc2538ed1b8bca0b57df313b13db36ed34b8cdf1868e674",
                "sha256:aa49571d8030ad0b9ac39708ee77bd2a22f87815e12bdee52ecaffece9313ed8",
                "sha256:c24c05f645aef776e8b8931cb81e0f1632d229b42b6d216e30836e2e145a2b40",
                "sha256:cf3a7e54eff792f0815dbbe9b85df2f13d739289c93d346925554f71d484be78",
                "sha256:d738acfdfb65da34c91acbdb56abed46803db39af259b7f194dc96920360dbe4",
                "sha256:e15fa23d844d54e7b3b7243afd53b7567ee71c721f592deb0727ee85e668f96a",
                "sha256:ed4a9e6dcacba56b17a0a9ac22ae2c72a35b7f0ef0693aa68574f0b2df607a89",
                "sha256:f44149a0ef5b4991aaef12a93b8e8d66d6412e762745fea1faa61d98524e0ba9"
            ],
            "index": "pypi",
            "version": "==3.3.4"
        },
        "numpy": {
            "hashes": [
                "sha256:032be656d89bbf786d743fee11d01ef318b0781281241997558fa7950028dd29",
                "sha256:104f5e90b143dbf298361a99ac1af4cf59131218a045ebf4ee5990b83cff5fab",
                "sha256:125a0e10ddd99a874fd357bfa1b636cd58deb78ba4a30b5ddb09f645c3512e04",
                "sha256:12e4ba5c6420917571f1a5becc9338abbde71dd811ce40b37ba62dec7b39af6d",
                "sha256:13adf545732bb23a796914fe5f891a12bd74cf3d2986eed7b7eba2941eea1590",
                "sha256:2d7e27442599104ee08f4faed56bb87c55f8b10a5494ac2ead5c98a4b289e61f",
                "sha256:3bc63486a870294683980d76ec1e3efc786295ae00128f9ea38e2c6e74d5a60a",
                "sha256:3d3087e24e354c18fb35c454026af3ed8997cfd4997765266897c68d724e4845",
                "sha256:4ed8e96dc146e12c1c5cdd6fb9fd0757f2ba66048bf94c5126b7efebd12d0090",
                "sha256:60759ab15c94dd0e1ed88241fd4fa3312db4e91d2c8f5a2d4cf3863fad83d65b",
                "sha256:65410c7f4398a0047eea5cca9b74009ea61178efd78d1be9847fac1d6716ec1e",
                "sha256:66b467adfcf628f66ea4ac6430ded0614f5cc06ba530d09571ea404789064adc",
                "sha256:7199109fa46277be503393be9250b983f325880766f847885607d9b13848f257",
                "sha256:72251e43ac426ff98ea802a931922c79b8d7596480300eb9f1b1e45e0543571e",
                "sha256:89e5336f2bec0c726ac7e7cdae181b325a9c0ee24e604704ed830d241c5e47ff",
                "sha256:89f937b13b8dd17b0099c7c2e22066883c86ca1575a975f754babc8fbf8d69a9",
                "sha256:9c94cab5054bad82a70b2e77741271790304651d584e2cdfe2041488e753863b",
                "sha256:9eb551d122fadca7774b97db8a112b77231dcccda8e91a5bc99e79890797175e",
                "sha256:a1d7995d1023335e67fb070b2fae6f5968f5be3802b15ad6d79d81ecaa014fe0",
                "sha256:ae61f02b84a0211abb56462a3b6cd1e7ec39d466d3160eb4e1da8bf6717cdbeb",
                "sha256:b9410c0b6fed4a22554f072a86c361e417f0258838957b78bd063bde2c7f841f",
                "sha256:c26287dfc888cf1e65181f39ea75e11f42ffc4f4529e5bd19add57ad458996e2",
                "sha256:c91ec9569facd4757ade0888371eced2ecf49e7982ce5634cc2cf4e7331a4b14",
                "sha256:ecb5b74c702358cdc21268ff4c37f7466357871f53a30e6f84c686952bef16a9"
            ],
            "markers": "python_version >= '3.7'",
            "version": "==1.20.1"
        },
        "pandas": {
            "hashes": [
                "sha256:09761bf5f8c741d47d4b8b9073288de1be39bbfccc281d70b889ade12b2aad29",
                "sha256:0f27fd1adfa256388dc34895ca5437eaf254832223812afd817a6f73127f969c",
                "sha256:43e00770552595c2250d8d712ec8b6e08ca73089ac823122344f023efa4abea3",
                "sha256:46fc671c542a8392a4f4c13edc8527e3a10f6cb62912d856f82248feb747f06e",
                "sha256:475b7772b6e18a93a43ea83517932deff33954a10d4fbae18d0c1aba4182310f",
                "sha256:4d821b9b911fc1b7d428978d04ace33f0af32bb7549525c8a7b08444bce46b74",
                "sha256:5e3c8c60541396110586bcbe6eccdc335a38e7de8c217060edaf4722260b158f",
                "sha256:621c044a1b5e535cf7dcb3ab39fca6f867095c3ef223a524f18f60c7fee028ea",
                "sha256:72ffcea00ae8ffcdbdefff800284311e155fbb5ed6758f1a6110fc1f8f8f0c1c",
                "sha256:8a051e957c5206f722e83f295f95a2cf053e890f9a1fba0065780a8c2d045f5d",
                "sha256:97b1954533b2a74c7e20d1342c4f01311d3203b48f2ebf651891e6a6eaf01104",
                "sha256:9f5829e64507ad10e2561b60baf285c470f3c4454b007c860e77849b88865ae7",
                "sha256:a93e34f10f67d81de706ce00bf8bb3798403cabce4ccb2de10c61b5ae8786ab5",
                "sha256:d59842a5aa89ca03c2099312163ffdd06f56486050e641a45d926a072f04d994",
                "sha256:dbb255975eb94143f2e6ec7dadda671d25147939047839cd6b8a4aff0379bb9b",
                "sha256:df6f10b85aef7a5bb25259ad651ad1cc1d6bb09000595cab47e718cbac250b1d"
            ],
            "index": "pypi",
            "version": "==1.2.3"
        },
        "pillow": {
            "hashes": [
                "sha256:15306d71a1e96d7e271fd2a0737038b5a92ca2978d2e38b6ced7966583e3d5af",
                "sha256:1940fc4d361f9cc7e558d6f56ff38d7351b53052fd7911f4b60cd7bc091ea3b1",
                "sha256:1f93f2fe211f1ef75e6f589327f4d4f8545d5c8e826231b042b483d8383e8a7c",
                "sha256:30d33a1a6400132e6f521640dd3f64578ac9bfb79a619416d7e8802b4ce1dd55",
                "sha256:328240f7dddf77783e72d5ed79899a6b48bc6681f8d1f6001f55933cb4905060",
                "sha256:46c2bcf8e1e75d154e78417b3e3c64e96def738c2a25435e74909e127a8cba5e",
                "sha256:5762ebb4436f46b566fc6351d67a9b5386b5e5de4e58fdaa18a1c83e0e20f1a8",
                "sha256:5a2d957eb4aba9d48170b8fe6538ec1fbc2119ffe6373782c03d8acad3323f2e",
                "sha256:5cf03b9534aca63b192856aa601c68d0764810857786ea5da652581f3a44c2b0",
                "sha256:5daba2b40782c1c5157a788ec4454067c6616f5a0c1b70e26ac326a880c2d328",
                "sha256:63cd413ac52ee3f67057223d363f4f82ce966e64906aea046daf46695e3c8238",
                "sha256:6efac40344d8f668b6c4533ae02a48d52fd852ef0654cc6f19f6ac146399c733",
                "sha256:71b01ee69e7df527439d7752a2ce8fb89e19a32df484a308eca3e81f673d3a03",
                "sha256:71f31ee4df3d5e0b366dd362007740106d3210fb6a56ec4b581a5324ba254f06",
                "sha256:72027ebf682abc9bafd93b43edc44279f641e8996fb2945104471419113cfc71",
                "sha256:74cd9aa648ed6dd25e572453eb09b08817a1e3d9f8d1bd4d8403d99e42ea790b",
                "sha256:81b3716cc9744ffdf76b39afb6247eae754186838cedad0b0ac63b2571253fe6",
                "sha256:8565355a29655b28fdc2c666fd9a3890fe5edc6639d128814fafecfae2d70910",
                "sha256:87f42c976f91ca2fc21a3293e25bd3cd895918597db1b95b93cbd949f7d019ce",
                "sha256:89e4c757a91b8c55d97c91fa09c69b3677c227b942fa749e9a66eef602f59c28",
                "sha256:8c4e32218c764bc27fe49b7328195579581aa419920edcc321c4cb877c65258d",
                "sha256:903293320efe2466c1ab3509a33d6b866dc850cfd0c5d9cc92632014cec185fb",
                "sha256:90882c6f084ef68b71bba190209a734bf90abb82ab5e8f64444c71d5974008c6",
                "sha256:98afcac3205d31ab6a10c5006b0cf040d0026a68ec051edd3517b776c1d78b09",
                "sha256:a01da2c266d9868c4f91a9c6faf47a251f23b9a862dce81d2ff583135206f5be",
                "sha256:aeab4cd016e11e7aa5cfc49dcff8e51561fa64818a0be86efa82c7038e9369d0",
                "sha256:b07c660e014852d98a00a91adfbe25033898a9d90a8f39beb2437d22a203fc44",
                "sha256:bead24c0ae3f1f6afcb915a057943ccf65fc755d11a1410a909c1fefb6c06ad1",
                "sha256:d1d6bca39bb6dd94fba23cdb3eeaea5e30c7717c5343004d900e2a63b132c341",
                "sha256:e2cd8ac157c1e5ae88b6dd790648ee5d2777e76f1e5c7d184eaddb2938594f34",
                "sha256:e5739ae63636a52b706a0facec77b2b58e485637e1638202556156e424a02dc2",
                "sha256:f36c3ff63d6fc509ce599a2f5b0d0732189eed653420e7294c039d342c6e204a",
                "sha256:f91b50ad88048d795c0ad004abbe1390aa1882073b1dca10bfd55d0b8cf18ec5"
            ],
            "markers": "python_version >= '3.6'",
            "version": "==8.1.2"
        },
        "prettytable": {
            "hashes": [
                "sha256:5882ed9092b391bb8f6e91f59bcdbd748924ff556bb7c634089d5519be87baa0",
                "sha256:bb5abc72bdfae6f3cdadb04fb7726f6915af0ddb7c897a41d4ad7736d9bfd8fd"
            ],
            "markers": "python_version >= '3.6'",
            "version": "==2.1.0"
        },
        "pyecharts": {
            "hashes": [
                "sha256:9fb8ae4f9d9b585449651f803199b319134e58f3dff2c09982a8590dccc88e2f"
            ],
            "index": "pypi",
            "version": "==1.9.0"
        },
        "pyparsing": {
            "hashes": [
                "sha256:c203ec8783bf771a155b207279b9bccb8dea02d8f0c9e5f8ead507bc3246ecc1",
                "sha256:ef9d7589ef3c200abe66653d3f1ab1033c3c419ae9b9bdb1240a85b024efc88b"
            ],
            "markers": "python_version >= '2.6' and python_version not in '3.0, 3.1, 3.2, 3.3'",
            "version": "==2.4.7"
        },
        "pyqt5": {
            "hashes": [
                "sha256:213bebd51821ed89b4d5b35bb10dbe67564228b3568f463a351a08e8b1677025",
                "sha256:2a69597e0dd11caabe75fae133feca66387819fc9bc050f547e5551bce97e5be",
                "sha256:883a549382fc22d29a0568f3ef20b38c8e7ab633a59498ac4eb63a3bf36d3fd3",
                "sha256:8c0848ba790a895801d5bfd171da31cad3e551dbcc4e59677a3b622de2ceca98",
                "sha256:a88526a271e846e44779bb9ad7a738c6d3c4a9d01e15a128ecfc6dd4696393b7"
            ],
            "index": "pypi",
            "version": "==5.15.4"
        },
        "pyqt5-qt5": {
            "hashes": [
                "sha256:1988f364ec8caf87a6ee5d5a3a5210d57539988bf8e84714c7d60972692e2f4a",
                "sha256:750b78e4dba6bdf1607febedc08738e318ea09e9b10aea9ff0d73073f11f6962",
                "sha256:76980cd3d7ae87e3c7a33bfebfaee84448fd650bad6840471d6cae199b56e154",
                "sha256:9cc7a768b1921f4b982ebc00a318ccb38578e44e45316c7a4a850e953e1dd327"
            ],
            "version": "==5.15.2"
        },
        "pyqt5-sip": {
            "hashes": [
                "sha256:0304ca9114b9817a270f67f421355075b78ff9fc25ac58ffd72c2601109d2194",
                "sha256:0cd969be528c27bbd4755bd323dff4a79a8fdda28215364e6ce3e069cb56c2a9",
                "sha256:2f35e82fd7ec1e1f6716e9154721c7594956a4f5bd4f826d8c6a6453833cc2f0",
                "sha256:30e944db9abee9cc757aea16906d4198129558533eb7fadbe48c5da2bd18e0bd",
                "sha256:34dcd29be47553d5f016ff86e89e24cbc5eebae92eb2f96fb32d2d7ba028c43c",
                "sha256:5a011aeff89660622a6d5c3388d55a9d76932f3b82c95e82fc31abd8b1d2990d",
                "sha256:6c1ebee60f1d2b3c70aff866b7933d8d8d7646011f7c32f9321ee88c290aa4f9",
                "sha256:7b81382ce188d63890a0e35abe0f9bb946cabc873a31873b73583b0fc84ac115",
                "sha256:832fd60a264de4134c2824d393320838f3ab648180c9c357ec58a74524d24507",
                "sha256:84ba7746762bd223bed22428e8561aa267a229c28344c2d28c5d5d3f8970cffb",
                "sha256:9312ec47cac4e33c11503bc1cbeeb0bdae619620472f38e2078c5a51020a930f",
                "sha256:a1b8ef013086e224b8e86c93f880f776d01b59195bdfa2a8e0b23f0480678fec",
                "sha256:a29e2ac399429d3b7738f73e9081e50783e61ac5d29344e0802d0dcd6056c5a2",
                "sha256:b6d42250baec52a5f77de64e2951d001c5501c3a2df2179f625b241cbaec3369",
                "sha256:bb5a87b66fc1445915104ee97f7a20a69decb42f52803e3b0795fa17ff88226c",
                "sha256:c317ab1263e6417c498b81f5c970a9b1af7acefab1f80b4cc0f2f8e661f29fc5",
                "sha256:c9800729badcb247765e4ffe2241549d02da1fa435b9db224845bc37c3e99cb0",
                "sha256:c9d6d448c29dc6606bb7974696608f81f4316c8234f7c7216396ed110075e777",
                "sha256:da9c9f1e65b9d09e73bd75befc82961b6b61b5a3b9d0a7c832168e1415f163c6",
                "sha256:ed897c58acf4a3cdca61469daa31fe6e44c33c6c06a37c3f21fab31780b3b86a",
                "sha256:f168f0a7f32b81bfeffdf003c36f25d81c97dee5eb67072a5183e761fe250f13"
            ],
            "markers": "python_version >= '3.5'",
            "version": "==12.8.1"
        },
        "python-dateutil": {
            "hashes": [
                "sha256:73ebfe9dbf22e832286dafa60473e4cd239f8592f699aa5adaf10050e6e1823c",
                "sha256:75bb3f31ea686f1197762692a9ee6a7550b59fc6ca3a1f4b5d7e32fb98e2da2a"
            ],
            "markers": "python_version >= '2.7' and python_version not in '3.0, 3.1, 3.2, 3.3'",
            "version": "==2.8.1"
        },
        "pytz": {
            "hashes": [
                "sha256:83a4a90894bf38e243cf052c8b58f381bfe9a7a483f6a9cab140bc7f702ac4da",
                "sha256:eb10ce3e7736052ed3623d49975ce333bcd712c7bb19a58b9e2089d4057d0798"
            ],
            "version": "==2021.1"
        },
        "requests": {
            "hashes": [
                "sha256:27973dd4a904a4f13b263a19c866c13b92a39ed1c964655f025f3f8d3d75b804",
                "sha256:c210084e36a42ae6b9219e00e48287def368a26d03a048ddad7bfee44f75871e"
            ],
            "index": "pypi",
            "version": "==2.25.1"
        },
        "simplejson": {
            "hashes": [
                "sha256:034550078a11664d77bc1a8364c90bb7eef0e44c2dbb1fd0a4d92e3997088667",
                "sha256:05b43d568300c1cd43f95ff4bfcff984bc658aa001be91efb3bb21df9d6288d3",
                "sha256:0dd9d9c738cb008bfc0862c9b8fa6743495c03a0ed543884bf92fb7d30f8d043",
                "sha256:10fc250c3edea4abc15d930d77274ddb8df4803453dde7ad50c2f5565a18a4bb",
                "sha256:2862beabfb9097a745a961426fe7daf66e1714151da8bb9a0c430dde3d59c7c0",
                "sha256:292c2e3f53be314cc59853bd20a35bf1f965f3bc121e007ab6fd526ed412a85d",
                "sha256:2d3eab2c3fe52007d703a26f71cf649a8c771fcdd949a3ae73041ba6797cfcf8",
                "sha256:2e7b57c2c146f8e4dadf84977a83f7ee50da17c8861fd7faf694d55e3274784f",
                "sha256:311f5dc2af07361725033b13cc3d0351de3da8bede3397d45650784c3f21fbcf",
                "sha256:344e2d920a7f27b4023c087ab539877a1e39ce8e3e90b867e0bfa97829824748",
                "sha256:3fabde09af43e0cbdee407555383063f8b45bfb52c361bc5da83fcffdb4fd278",
                "sha256:42b8b8dd0799f78e067e2aaae97e60d58a8f63582939af60abce4c48631a0aa4",
                "sha256:4b3442249d5e3893b90cb9f72c7d6ce4d2ea144d2c0d9f75b9ae1e5460f3121a",
                "sha256:55d65f9cc1b733d85ef95ab11f559cce55c7649a2160da2ac7a078534da676c8",
                "sha256:5c659a0efc80aaaba57fcd878855c8534ecb655a28ac8508885c50648e6e659d",
                "sha256:72d8a3ffca19a901002d6b068cf746be85747571c6a7ba12cbcf427bfb4ed971",
                "sha256:75ecc79f26d99222a084fbdd1ce5aad3ac3a8bd535cd9059528452da38b68841",
                "sha256:76ac9605bf2f6d9b56abf6f9da9047a8782574ad3531c82eae774947ae99cc3f",
                "sha256:7d276f69bfc8c7ba6c717ba8deaf28f9d3c8450ff0aa8713f5a3280e232be16b",
                "sha256:7f10f8ba9c1b1430addc7dd385fc322e221559d3ae49b812aebf57470ce8de45",
                "sha256:8042040af86a494a23c189b5aa0ea9433769cc029707833f261a79c98e3375f9",
                "sha256:813846738277729d7db71b82176204abc7fdae2f566e2d9fcf874f9b6472e3e6",
                "sha256:845a14f6deb124a3bcb98a62def067a67462a000e0508f256f9c18eff5847efc",
                "sha256:869a183c8e44bc03be1b2bbcc9ec4338e37fa8557fc506bf6115887c1d3bb956",
                "sha256:8acf76443cfb5c949b6e781c154278c059b09ac717d2757a830c869ba000cf8d",
                "sha256:8f713ea65958ef40049b6c45c40c206ab363db9591ff5a49d89b448933fa5746",
                "sha256:934115642c8ba9659b402c8bdbdedb48651fb94b576e3b3efd1ccb079609b04a",
                "sha256:9551f23e09300a9a528f7af20e35c9f79686d46d646152a0c8fc41d2d074d9b0",
                "sha256:9a2b7543559f8a1c9ed72724b549d8cc3515da7daf3e79813a15bdc4a769de25",
                "sha256:a55c76254d7cf8d4494bc508e7abb993a82a192d0db4552421e5139235604625",
                "sha256:ad8f41c2357b73bc9e8606d2fa226233bf4d55d85a8982ecdfd55823a6959995",
                "sha256:af4868da7dd53296cd7630687161d53a7ebe2e63814234631445697bd7c29f46",
                "sha256:afebfc3dd3520d37056f641969ce320b071bc7a0800639c71877b90d053e087f",
                "sha256:b59aa298137ca74a744c1e6e22cfc0bf9dca3a2f41f51bc92eb05695155d905a",
                "sha256:bc00d1210567a4cdd215ac6e17dc00cb9893ee521cee701adfd0fa43f7c73139",
                "sha256:c1cb29b1fced01f97e6d5631c3edc2dadb424d1f4421dad079cb13fc97acb42f",
                "sha256:c94dc64b1a389a416fc4218cd4799aa3756f25940cae33530a4f7f2f54f166da",
                "sha256:ceaa28a5bce8a46a130cd223e895080e258a88d51bf6e8de2fc54a6ef7e38c34",
                "sha256:cff6453e25204d3369c47b97dd34783ca820611bd334779d22192da23784194b",
                "sha256:d0b64409df09edb4c365d95004775c988259efe9be39697d7315c42b7a5e7e94",
                "sha256:d4813b30cb62d3b63ccc60dd12f2121780c7a3068db692daeb90f989877aaf04",
                "sha256:da3c55cdc66cfc3fffb607db49a42448785ea2732f055ac1549b69dcb392663b",
                "sha256:e058c7656c44fb494a11443191e381355388443d543f6fc1a245d5d238544396",
                "sha256:fed0f22bf1313ff79c7fc318f7199d6c2f96d4de3234b2f12a1eab350e597c06",
                "sha256:ffd4e4877a78c84d693e491b223385e0271278f5f4e1476a4962dca6824ecfeb"
            ],
            "markers": "python_version >= '2.5' and python_version not in '3.0, 3.1, 3.2, 3.3'",
            "version": "==3.17.2"
        },
        "six": {
            "hashes": [
                "sha256:30639c035cdb23534cd4aa2dd52c3bf48f06e5f4a941509c8bafd8ce11080259",
                "sha256:8b74bedcbbbaca38ff6d7491d76f2b06b3592611af620f8426e82dddb04a5ced"
            ],
            "markers": "python_version >= '2.7' and python_version not in '3.0, 3.1, 3.2, 3.3'",
            "version": "==1.15.0"
        },
        "snapshot-phantomjs": {
            "hashes": [
                "sha256:3c94bc4b81147e4b44b3f745e3fbe52db4536729cdd464cbfdd2edbfb0789947",
                "sha256:ddfb60f8edee4f9c88bd9e6055364f44915e0db7e282ed2710129ff151ed1044"
            ],
            "index": "pypi",
            "version": "==0.0.3"
        },
        "soupsieve": {
            "hashes": [
                "sha256:407fa1e8eb3458d1b5614df51d9651a1180ea5fedf07feb46e45d7e25e6d6cdd",
                "sha256:d3a5ea5b350423f47d07639f74475afedad48cf41c0ad7a82ca13a3928af34f6"
            ],
            "markers": "python_version >= '3.0'",
            "version": "==2.2"
        },
        "the": {
            "hashes": [
                "sha256:977d36224b3ee6ca2c12728bbcfb890801f1cb793e2e1a0db2e285da7fb5835b"
            ],
            "index": "pypi",
            "version": "==0.1.5"
        },
        "urllib3": {
            "hashes": [
                "sha256:1b465e494e3e0d8939b50680403e3aedaa2bc434b7d5af64dfd3c958d7f5ae80",
                "sha256:de3eedaad74a2683334e282005cd8d7f22f4d55fa690a2a1020a416cb0a47e73"
            ],
            "markers": "python_version >= '2.7' and python_version not in '3.0, 3.1, 3.2, 3.3, 3.4' and python_version < '4'",
            "version": "==1.26.3"
        },
        "wcwidth": {
            "hashes": [
                "sha256:beb4802a9cebb9144e99086eff703a642a13d6a0052920003a230f3294bbe784",
                "sha256:c4d647b99872929fdb7bdcaa4fbe7f01413ed3d98077df798530e5b04f116c83"
            ],
            "version": "==0.2.5"
        },
        "werkzeug": {
            "hashes": [
                "sha256:2de2a5db0baeae7b2d2664949077c2ac63fbd16d98da0ff71837f7d1dea3fd43",
                "sha256:6c80b1e5ad3665290ea39320b91e1be1e0d5f60652b964a3070216de83d2e47c"
            ],
            "markers": "python_version >= '2.7' and python_version not in '3.0, 3.1, 3.2, 3.3, 3.4'",
            "version": "==1.0.1"
        }
    },
    "develop": {
        "astroid": {
            "hashes": [
                "sha256:21d735aab248253531bb0f1e1e6d068f0ee23533e18ae8a6171ff892b98297cf",
                "sha256:cfc35498ee64017be059ceffab0a25bedf7548ab76f2bea691c5565896e7128d"
            ],
            "markers": "python_version >= '3.6'",
            "version": "==2.5.1"
        },
        "colorama": {
            "hashes": [
                "sha256:5941b2b48a20143d2267e95b1c2a7603ce057ee39fd88e7329b0c292aa16869b",
                "sha256:9f47eda37229f68eee03b24b9748937c7dc3868f906e8ba69fbcbdd3bc5dc3e2"
            ],
            "markers": "sys_platform == 'win32'",
            "version": "==0.4.4"
        },
        "isort": {
            "hashes": [
                "sha256:c729845434366216d320e936b8ad6f9d681aab72dc7cbc2d51bedc3582f3ad1e",
                "sha256:fff4f0c04e1825522ce6949973e83110a6e907750cd92d128b0d14aaaadbffdc"
            ],
            "markers": "python_version >= '3.6' and python_version < '4.0'",
            "version": "==5.7.0"
        },
        "lazy-object-proxy": {
            "hashes": [
                "sha256:1d33d6f789697f401b75ce08e73b1de567b947740f768376631079290118ad39",
                "sha256:2f2de8f8ac0be3e40d17730e0600619d35c78c13a099ea91ef7fb4ad944ce694",
                "sha256:3782931963dc89e0e9a0ae4348b44762e868ea280e4f8c233b537852a8996ab9",
                "sha256:37d9c34b96cca6787fe014aeb651217944a967a5b165e2cacb6b858d2997ab84",
                "sha256:38c3865bd220bd983fcaa9aa11462619e84a71233bafd9c880f7b1cb753ca7fa",
                "sha256:429c4d1862f3fc37cd56304d880f2eae5bd0da83bdef889f3bd66458aac49128",
                "sha256:522b7c94b524389f4a4094c4bf04c2b02228454ddd17c1a9b2801fac1d754871",
                "sha256:57fb5c5504ddd45ed420b5b6461a78f58cbb0c1b0cbd9cd5a43ad30a4a3ee4d0",
                "sha256:5944a9b95e97de1980c65f03b79b356f30a43de48682b8bdd90aa5089f0ec1f4",
                "sha256:6f4e5e68b7af950ed7fdb594b3f19a0014a3ace0fedb86acb896e140ffb24302",
                "sha256:71a1ef23f22fa8437974b2d60fedb947c99a957ad625f83f43fd3de70f77f458",
                "sha256:8a44e9901c0555f95ac401377032f6e6af66d8fc1fbfad77a7a8b1a826e0b93c",
                "sha256:b6577f15d5516d7d209c1a8cde23062c0f10625f19e8dc9fb59268859778d7d7",
                "sha256:c8fe2d6ff0ff583784039d0255ea7da076efd08507f2be6f68583b0da32e3afb",
                "sha256:cadfa2c2cf54d35d13dc8d231253b7985b97d629ab9ca6e7d672c35539d38163",
                "sha256:cd1bdace1a8762534e9a36c073cd54e97d517a17d69a17985961265be6d22847",
                "sha256:ddbdcd10eb999d7ab292677f588b658372aadb9a52790f82484a37127a390108",
                "sha256:e7273c64bccfd9310e9601b8f4511d84730239516bada26a0c9846c9697617ef",
                "sha256:e7428977763150b4cf83255625a80a23dfdc94d43be7791ce90799d446b4e26f",
                "sha256:e960e8be509e8d6d618300a6c189555c24efde63e85acaf0b14b2cd1ac743315",
                "sha256:ecb5dd5990cec6e7f5c9c1124a37cb2c710c6d69b0c1a5c4aa4b35eba0ada068",
                "sha256:ef3f5e288aa57b73b034ce9c1f1ac753d968f9069cd0742d1d69c698a0167166",
                "sha256:fa5b2dee0e231fa4ad117be114251bdfe6afe39213bd629d43deb117b6a6c40a",
                "sha256:fa7fb7973c622b9e725bee1db569d2c2ee64d2f9a089201c5e8185d482c7352d"
            ],
            "markers": "python_version >= '2.7' and python_version not in '3.0, 3.1, 3.2, 3.3, 3.4'",
            "version": "==1.5.2"
        },
        "mccabe": {
            "hashes": [
                "sha256:ab8a6258860da4b6677da4bd2fe5dc2c659cff31b3ee4f7f5d64e79735b80d42",
                "sha256:dd8d182285a0fe56bace7f45b5e7d1a6ebcbf524e8f3bd87eb0f125271b8831f"
            ],
            "version": "==0.6.1"
        },
        "pylint": {
            "hashes": [
                "sha256:0e21d3b80b96740909d77206d741aa3ce0b06b41be375d92e1f3244a274c1f8a",
                "sha256:d09b0b07ba06bcdff463958f53f23df25e740ecd81895f7d2699ec04bbd8dc3b"
            ],
            "index": "pypi",
            "version": "==2.7.2"
        },
        "toml": {
            "hashes": [
                "sha256:806143ae5bfb6a3c6e736a764057db0e6a0e05e338b5630894a5f779cabb4f9b",
                "sha256:b3bda1d108d5dd99f4a20d24d9c348e91c4db7ab1b749200bded2f839ccbe68f"
            ],
            "markers": "python_version >= '2.6' and python_version not in '3.0, 3.1, 3.2, 3.3'",
            "version": "==0.10.2"
        },
        "wrapt": {
            "hashes": [
                "sha256:b62ffa81fb85f4332a4f609cab4ac40709470da05643a082ec1eb88e6d9b97d7"
            ],
            "version": "==1.12.1"
        }
    }
}
